
Microsoft Visual Studio Solution File, Format Version 12.00
# Visual Studio 15
VisualStudioVersion = 15.0.28010.2019
MinimumVisualStudioVersion = 10.0.40219.1
Project("{FAE04EC0-301F-11D3-BF4B-00C04F79EFBC}") = "EInvoice", "EInvoice\EInvoice.csproj", "{3B96E576-DF59-4E21-9009-C684D4177A85}"
EndProject
Global
	GlobalSection(SolutionConfigurationPlatforms) = preSolution
		Debug|Any CPU = Debug|Any CPU
		Release|Any CPU = Release|Any CPU
	EndGlobalSection
	GlobalSection(ProjectConfigurationPlatforms) = postSolution
		{3B96E576-DF59-4E21-9009-C684D4177A85}.Debug|Any CPU.ActiveCfg = Debug|Any CPU
		{3B96E576-DF59-4E21-9009-C684D4177A85}.Debug|Any CPU.Build.0 = Debug|Any CPU
		{3B96E576-DF59-4E21-9009-C684D4177A85}.Release|Any CPU.ActiveCfg = Release|Any CPU
		{3B96E576-DF59-4E21-9009-C684D4177A85}.Release|Any CPU.Build.0 = Release|Any CPU
	EndGlobalSection
	GlobalSection(SolutionProperties) = preSolution
		HideSolutionNode = FALSE
	EndGlobalSection
	GlobalSection(ExtensibilityGlobals) = postSolution
		SolutionGuid = {1B96E00B-A546-41B8-BC9F-4EE190524C42}
	EndGlobalSection
EndGlobal
